
Microsoft Visual Studio Solution File, Format Version 12.00
# Visual Studio Version 16
VisualStudioVersion = 16.0.31019.35
MinimumVisualStudioVersion = 10.0.40219.1
Project("{FAE04EC0-301F-11D3-BF4B-00C04F79EFBC}") = "TestService", "TestService.csproj", "{AC84A030-5C7E-4F8D-9730-FB999E1EE559}"
EndProject
Global
	GlobalSection(SolutionConfigurationPlatforms) = preSolution
		Debug|Any CPU = Debug|Any CPU
		Release|Any CPU = Release|Any CPU
	EndGlobalSection
	GlobalSection(ProjectConfigurationPlatforms) = postSolution
		{AC84A030-5C7E-4F8D-9730-FB999E1EE559}.Debug|Any CPU.ActiveCfg = Debug|Any CPU
		{AC84A030-5C7E-4F8D-9730-FB999E1EE559}.Debug|Any CPU.Build.0 = Debug|Any CPU
		{AC84A030-5C7E-4F8D-9730-FB999E1EE559}.Release|Any CPU.ActiveCfg = Release|Any CPU
		{AC84A030-5C7E-4F8D-9730-FB999E1EE559}.Release|Any CPU.Build.0 = Release|Any CPU
	EndGlobalSection
	GlobalSection(SolutionProperties) = preSolution
		HideSolutionNode = FALSE
	EndGlobalSection
	GlobalSection(ExtensibilityGlobals) = postSolution
		SolutionGuid = {C4953578-5697-4AC6-9968-1EE3FD3218F8}
	EndGlobalSection
EndGlobal
